
Microsoft Visual Studio Solution File, Format Version 12.00
# Visual Studio Version 16
VisualStudioVersion = 16.0.32126.315
MinimumVisualStudioVersion = 10.0.40219.1
Project("{FAE04EC0-301F-11D3-BF4B-00C04F79EFBC}") = "ClassTask20", "ClassTask20\ClassTask20.csproj", "{36E8A56E-24AF-4911-9B41-EBFE56B3AC39}"
EndProject
Global
	GlobalSection(SolutionConfigurationPlatforms) = preSolution
		Debug|Any CPU = Debug|Any CPU
		Release|Any CPU = Release|Any CPU
	EndGlobalSection
	GlobalSection(ProjectConfigurationPlatforms) = postSolution
		{36E8A56E-24AF-4911-9B41-EBFE56B3AC39}.Debug|Any CPU.ActiveCfg = Debug|Any CPU
		{36E8A56E-24AF-4911-9B41-EBFE56B3AC39}.Debug|Any CPU.Build.0 = Debug|Any CPU
		{36E8A56E-24AF-4911-9B41-EBFE56B3AC39}.Release|Any CPU.ActiveCfg = Release|Any CPU
		{36E8A56E-24AF-4911-9B41-EBFE56B3AC39}.Release|Any CPU.Build.0 = Release|Any CPU
	EndGlobalSection
	GlobalSection(SolutionProperties) = preSolution
		HideSolutionNode = FALSE
	EndGlobalSection
	GlobalSection(ExtensibilityGlobals) = postSolution
		SolutionGuid = {876900C4-06BA-436A-A49F-FE4269FBA1E3}
	EndGlobalSection
EndGlobal
